
Microsoft Visual Studio Solution File, Format Version 12.00
# Visual Studio Version 17
VisualStudioVersion = 17.12.35707.178 d17.12
MinimumVisualStudioVersion = 10.0.40219.1
Project("{FAE04EC0-301F-11D3-BF4B-00C04F79EFBC}") = "DotNet9.API", "DotNet9API\DotNet9.API.csproj", "{0DFCBF85-89DF-45CD-8C00-6D826FA83042}"
EndProject
Project("{FAE04EC0-301F-11D3-BF4B-00C04F79EFBC}") = "DotNet9.Domain", "DotNet9.Domain\DotNet9.Domain.csproj", "{38BF418E-AA9F-4172-AC72-714EEF084EFE}"
EndProject
Project("{FAE04EC0-301F-11D3-BF4B-00C04F79EFBC}") = "DotNet9.Application", "DotNet9.Application\DotNet9.Application.csproj", "{1B74BB3D-3260-42E8-B67A-18B56F316BF4}"
EndProject
Project("{FAE04EC0-301F-11D3-BF4B-00C04F79EFBC}") = "DotNet9.Insfrastructure", "DotNet9.Insfrastructure\DotNet9.Insfrastructure.csproj", "{AA031EB2-CEC1-4B43-9480-11864FA2A316}"
EndProject
Project("{2150E333-8FDC-42A3-9474-1A3956D46DE8}") = "Solution Items", "Solution Items", "{3DD581B1-D1A9-443E-804A-56287BAC94B2}"
	ProjectSection(SolutionItems) = preProject
		.editorconfig = .editorconfig
	EndProjectSection
EndProject
Project("{FAE04EC0-301F-11D3-BF4B-00C04F79EFBC}") = "Dotnet9.Tests", "Dotnet9.tests\Dotnet9.Tests.csproj", "{D0338A94-5AD8-46A6-BB5F-7EA62D2152BA}"
EndProject
Global
	GlobalSection(SolutionConfigurationPlatforms) = preSolution
		Debug|Any CPU = Debug|Any CPU
		Release|Any CPU = Release|Any CPU
	EndGlobalSection
	GlobalSection(ProjectConfigurationPlatforms) = postSolution
		{0DFCBF85-89DF-45CD-8C00-6D826FA83042}.Debug|Any CPU.ActiveCfg = Debug|Any CPU
		{0DFCBF85-89DF-45CD-8C00-6D826FA83042}.Debug|Any CPU.Build.0 = Debug|Any CPU
		{0DFCBF85-89DF-45CD-8C00-6D826FA83042}.Release|Any CPU.ActiveCfg = Release|Any CPU
		{0DFCBF85-89DF-45CD-8C00-6D826FA83042}.Release|Any CPU.Build.0 = Release|Any CPU
		{38BF418E-AA9F-4172-AC72-714EEF084EFE}.Debug|Any CPU.ActiveCfg = Debug|Any CPU
		{38BF418E-AA9F-4172-AC72-714EEF084EFE}.Debug|Any CPU.Build.0 = Debug|Any CPU
		{38BF418E-AA9F-4172-AC72-714EEF084EFE}.Release|Any CPU.ActiveCfg = Release|Any CPU
		{38BF418E-AA9F-4172-AC72-714EEF084EFE}.Release|Any CPU.Build.0 = Release|Any CPU
		{1B74BB3D-3260-42E8-B67A-18B56F316BF4}.Debug|Any CPU.ActiveCfg = Debug|Any CPU
		{1B74BB3D-3260-42E8-B67A-18B56F316BF4}.Debug|Any CPU.Build.0 = Debug|Any CPU
		{1B74BB3D-3260-42E8-B67A-18B56F316BF4}.Release|Any CPU.ActiveCfg = Release|Any CPU
		{1B74BB3D-3260-42E8-B67A-18B56F316BF4}.Release|Any CPU.Build.0 = Release|Any CPU
		{AA031EB2-CEC1-4B43-9480-11864FA2A316}.Debug|Any CPU.ActiveCfg = Debug|Any CPU
		{AA031EB2-CEC1-4B43-9480-11864FA2A316}.Debug|Any CPU.Build.0 = Debug|Any CPU
		{AA031EB2-CEC1-4B43-9480-11864FA2A316}.Release|Any CPU.ActiveCfg = Release|Any CPU
		{AA031EB2-CEC1-4B43-9480-11864FA2A316}.Release|Any CPU.Build.0 = Release|Any CPU
		{D0338A94-5AD8-46A6-BB5F-7EA62D2152BA}.Debug|Any CPU.ActiveCfg = Debug|Any CPU
		{D0338A94-5AD8-46A6-BB5F-7EA62D2152BA}.Debug|Any CPU.Build.0 = Debug|Any CPU
		{D0338A94-5AD8-46A6-BB5F-7EA62D2152BA}.Release|Any CPU.ActiveCfg = Release|Any CPU
		{D0338A94-5AD8-46A6-BB5F-7EA62D2152BA}.Release|Any CPU.Build.0 = Release|Any CPU
	EndGlobalSection
	GlobalSection(SolutionProperties) = preSolution
		HideSolutionNode = FALSE
	EndGlobalSection
EndGlobal
